{
	"name": "robot-js",
	"version": "1.0.2",
	"lockfileVersion": 1,
	"requires": true,
	"dependencies": {
		"node-png": {
			"version": "0.4.3",
			"resolved": "https://registry.npmjs.org/node-png/-/node-png-0.4.3.tgz",
			"integrity": "sha1-RQIjeWuC08yg/+Sl1cf6l0hZdOc=",
			"dev": true
		},
		"readline-sync": {
			"version": "1.4.7",
			"resolved": "https://registry.npmjs.org/readline-sync/-/readline-sync-1.4.7.tgz",
			"integrity": "sha1-ABv91MBhEMPAhMY798alYCIhPzA=",
			"dev": true
		},
		"sprintf-js": {
			"version": "1.1.1",
			"resolved": "https://registry.npmjs.org/sprintf-js/-/sprintf-js-1.1.1.tgz",
			"integrity": "sha1-Nr54Mgr+WAH2zqPueLblqrlA6gw=",
			"dev": true
		}
	}
}
