# THIS IS AN AUTOGENERATED FILE. DO NOT EDIT THIS FILE DIRECTLY.
# yarn lockfile v1


node-png@~0.4:
  version "0.4.3"
  resolved "https://registry.yarnpkg.com/node-png/-/node-png-0.4.3.tgz#450223796b82d3cca0ffe4a5d5c7fa97485974e7"

readline-sync@~1.4:
  version "1.4.7"
  resolved "https://registry.yarnpkg.com/readline-sync/-/readline-sync-1.4.7.tgz#001bfdd4c06110c3c084c63bf7c6a56022213f30"

sprintf-js@~1.1:
  version "1.1.1"
  resolved "https://registry.yarnpkg.com/sprintf-js/-/sprintf-js-1.1.1.tgz#36be78320afe5801f6cea3ee78b6e5aab940ea0c"
