
Microsoft Visual Studio Solution File, Format Version 12.00
# Visual Studio 14
VisualStudioVersion = 14.0.23107.0
MinimumVisualStudioVersion = 10.0.40219.1
Project("{8BC9CEB8-8B4A-11D0-8D11-00A0C91BC942}") = "Robot", "Addon\Robot.vcxproj", "{18FA4B6A-BB03-4F80-92C2-D6237372FE11}"
EndProject
Global
	GlobalSection(SolutionConfigurationPlatforms) = preSolution
		DLL|Win32 = DLL|Win32
		DLL|Win64 = DLL|Win64
		DLLd|Win32 = DLLd|Win32
		DLLd|Win64 = DLLd|Win64
	EndGlobalSection
	GlobalSection(ProjectConfigurationPlatforms) = postSolution
		{18FA4B6A-BB03-4F80-92C2-D6237372FE11}.DLL|Win32.ActiveCfg = DLL|Win32
		{18FA4B6A-BB03-4F80-92C2-D6237372FE11}.DLL|Win32.Build.0 = DLL|Win32
		{18FA4B6A-BB03-4F80-92C2-D6237372FE11}.DLL|Win64.ActiveCfg = DLL|x64
		{18FA4B6A-BB03-4F80-92C2-D6237372FE11}.DLL|Win64.Build.0 = DLL|x64
		{18FA4B6A-BB03-4F80-92C2-D6237372FE11}.DLLd|Win32.ActiveCfg = DLLd|Win32
		{18FA4B6A-BB03-4F80-92C2-D6237372FE11}.DLLd|Win32.Build.0 = DLLd|Win32
		{18FA4B6A-BB03-4F80-92C2-D6237372FE11}.DLLd|Win64.ActiveCfg = DLLd|x64
		{18FA4B6A-BB03-4F80-92C2-D6237372FE11}.DLLd|Win64.Build.0 = DLLd|x64
	EndGlobalSection
	GlobalSection(SolutionProperties) = preSolution
		HideSolutionNode = FALSE
	EndGlobalSection
EndGlobal
